{
  "name": "@theoplayer/adscript-connector-web",
  "version": "0.0.1",
  "lockfileVersion": 3,
  "requires": true,
  "packages": {
    "": {
      "name": "@theoplayer/adscript-connector-web",
      "version": "0.0.1",
      "license": "MIT",
      "peerDependencies": {
        "theoplayer": "^7.0.0"
      }
    },
    "node_modules/theoplayer": {
      "version": "7.7.1",
      "resolved": "https://registry.npmjs.org/theoplayer/-/theoplayer-7.7.1.tgz",
      "integrity": "sha512-876lU51HWPO7qvCU8bZDyC/WW9UsezQu6JKJWPWrPT2BsHVY6ESl2GFT044v7iGRNxsU9neO+uUo4JJtAT1NYQ==",
      "peer": true
    }
  }
}
