{
  "name": "@theoplayer/gemius-connector-web",
  "version": "0.0.1",
  "lockfileVersion": 3,
  "requires": true,
  "packages": {
    "": {
      "name": "@theoplayer/gemius-connector-web",
      "version": "0.0.1",
      "license": "MIT",
      "peerDependencies": {
        "theoplayer": "^7.0.0"
      }
    },
    "node_modules/theoplayer": {
      "version": "7.6.1",
      "resolved": "https://registry.npmjs.org/theoplayer/-/theoplayer-7.6.1.tgz",
      "integrity": "sha512-jagM219gsaRDTGlk/uRB92y6kKqSHLkYG46d+1U69x3zBps4ATvGjbhDt4vLx+thsuu6cFNPegzvdRjaByJe8Q==",
      "peer": true
    }
  }
}
