{
  "name": "@theoplayer/comscore-connector-web",
  "version": "1.0.21",
  "lockfileVersion": 3,
  "requires": true,
  "packages": {
    "": {
      "name": "@theoplayer/comscore-connector-web",
      "version": "1.0.21",
      "license": "MIT",
      "dependencies": {
        "theoplayer": "^6.12.0"
      }
    },
    "node_modules/theoplayer": {
      "version": "6.12.0",
      "resolved": "https://registry.npmjs.org/theoplayer/-/theoplayer-6.12.0.tgz",
      "integrity": "sha512-6l5CH/PIDPrIX6F9Cys3+Hugb60ej36air6LBuE4fOnO3ii8pZvfDAwmHMUA2lJqL1Dvf6N+FM0K947/ApATUA=="
    }
  }
}
